<Project xmlns="http://schemas.microsoft.com/developer/msbuild/2003">
    <PropertyGroup>
        <ProjectGuid>{A4EA7B23-9A79-433E-82F2-63CD4A921CE8}</ProjectGuid>
        <ProjectVersion>18.2</ProjectVersion>
        <FrameworkType>VCL</FrameworkType>
        <Base>True</Base>
        <Config Condition="'$(Config)'==''">Debug</Config>
        <Platform Condition="'$(Platform)'==''">Win32</Platform>
        <TargetedPlatforms>1</TargetedPlatforms>
        <AppType>Console</AppType>
        <MainSource>IntesigVENTests.dpr</MainSource>
    </PropertyGroup>
    <PropertyGroup Condition="'$(Config)'=='Base' or '$(Base)'!=''">
        <Base>true</Base>
    </PropertyGroup>
    <PropertyGroup Condition="('$(Platform)'=='Android' and '$(Base)'=='true') or '$(Base_Android)'!=''">
        <Base_Android>true</Base_Android>
        <CfgParent>Base</CfgParent>
        <Base>true</Base>
    </PropertyGroup>
    <PropertyGroup Condition="('$(Platform)'=='iOSDevice32' and '$(Base)'=='true') or '$(Base_iOSDevice32)'!=''">
        <Base_iOSDevice32>true</Base_iOSDevice32>
        <CfgParent>Base</CfgParent>
        <Base>true</Base>
    </PropertyGroup>
    <PropertyGroup Condition="('$(Platform)'=='iOSDevice64' and '$(Base)'=='true') or '$(Base_iOSDevice64)'!=''">
        <Base_iOSDevice64>true</Base_iOSDevice64>
        <CfgParent>Base</CfgParent>
        <Base>true</Base>
    </PropertyGroup>
    <PropertyGroup Condition="('$(Platform)'=='iOSSimulator' and '$(Base)'=='true') or '$(Base_iOSSimulator)'!=''">
        <Base_iOSSimulator>true</Base_iOSSimulator>
        <CfgParent>Base</CfgParent>
        <Base>true</Base>
    </PropertyGroup>
    <PropertyGroup Condition="('$(Platform)'=='Win32' and '$(Base)'=='true') or '$(Base_Win32)'!=''">
        <Base_Win32>true</Base_Win32>
        <CfgParent>Base</CfgParent>
        <Base>true</Base>
    </PropertyGroup>
    <PropertyGroup Condition="'$(Config)'=='Debug' or '$(Cfg_1)'!=''">
        <Cfg_1>true</Cfg_1>
        <CfgParent>Base</CfgParent>
        <Base>true</Base>
    </PropertyGroup>
    <PropertyGroup Condition="('$(Platform)'=='Win32' and '$(Cfg_1)'=='true') or '$(Cfg_1_Win32)'!=''">
        <Cfg_1_Win32>true</Cfg_1_Win32>
        <CfgParent>Cfg_1</CfgParent>
        <Cfg_1>true</Cfg_1>
        <Base>true</Base>
    </PropertyGroup>
    <PropertyGroup Condition="'$(Config)'=='Release' or '$(Cfg_2)'!=''">
        <Cfg_2>true</Cfg_2>
        <CfgParent>Base</CfgParent>
        <Base>true</Base>
    </PropertyGroup>
    <PropertyGroup Condition="('$(Platform)'=='Win32' and '$(Cfg_2)'=='true') or '$(Cfg_2_Win32)'!=''">
        <Cfg_2_Win32>true</Cfg_2_Win32>
        <CfgParent>Cfg_2</CfgParent>
        <Cfg_2>true</Cfg_2>
        <Base>true</Base>
    </PropertyGroup>
    <PropertyGroup Condition="'$(Base)'!=''">
        <Icon_MainIcon>$(BDS)\bin\delphi_PROJECTICON.ico</Icon_MainIcon>
        <BRCC_IncludePath>$(BDS)\Source\DUnit\src;$(BDS)\Source\DUnit\src;$(BDS)\Source\DUnit\src;$(BRCC_IncludePath)</BRCC_IncludePath>
        <Manifest_File>None</Manifest_File>
        <VerInfo_Locale>1046</VerInfo_Locale>
        <DCC_UnitSearchPath>$(DELPHI)\Lib\Debug;c:\SIS\Uso Geral;c:\sis\SisIAP;c:\SIS\SisAST;c:\SIS\SisEST;c:\SIS\SisBAN;c:\SIS\SisREC;c:\SIS\SisPAG;c:\SIS\SisICH;c:\SIS\SisIFP;c:\SIS\SisCXA;c:\SIS\SisPAR;c:\SIS\SisCVI;c:\SIS\SisICT;c:\SIS\SisIEF;c:\SIS\SisIAG;c:\SIS\SisICC;c:\SIS\SisIOR;c:\SIS\SisIPP;c:\SIS\SisIPA;c:\SIS\SisIAP;c:\SIS\SisICP;c:\SIS\SisIRH;c:\Componentes\Delphi XE 2\Tef;C:\SIS\Uso Geral\Tradução;C:\SIS\SisPTO;C:\SIS\SISVEN;$(DCC_UnitSearchPath)</DCC_UnitSearchPath>
        <DCC_Namespace>System;Xml;Data;Datasnap;Web;Soap;Vcl;Vcl.Imaging;Vcl.Touch;Vcl.Samples;Vcl.Shell;$(DCC_Namespace)</DCC_Namespace>
        <DCC_UsePackage>AnyDAC_PhysADS_D16;AnyDAC_Comp_D16;DBXInterBaseDriver;DataSnapServer;DataSnapCommon;DbxCommonDriver;dbxcds;AnyDAC_PhysTDBX_D16;CustomIPTransport;dsnap;AnyDAC_PhysSQLITE_D16;IndyCore;CloudService;FmxTeeUI;IPIndyImpl;bindcompfmx;dbrtl;bindcomp;inetdb;xmlrtl;ibxpress;soaprtl;bindengine;FMXTee;DBXInformixDriver;DBXFirebirdDriver;inet;AnyDAC_PhysMSAcc_D16;DBXSybaseASADriver;AnyDAC_GUIxForms_D16;dbexpress;fmx;AnyDAC_PhysPg_D16;IndySystem;AnyDAC_Phys_D16;AnyDAC_PhysDb2_D16;DataSnapClient;AnyDAC_PhysMSSQL_D16;DataSnapProviderClient;DBXOracleDriver;AnyDAC_PhysOracle_D16;fmxase;AnyDAC_PhysMySQL_D16;inetdbxpress;AnyDAC_PhysODBC_D16;rtl;DbxClientDriver;AnyDAC_PhysASA_D16;IndyProtocols;DBXMySQLDriver;AnyDAC_ComI_D16;fmxobj;AnyDAC_PhysIB_D16;fmxdae;DataSnapIndy10ServerTransport;$(DCC_UsePackage)</DCC_UsePackage>
        <DCC_Define>_CONSOLE_TESTRUNNER;$(DCC_Define)</DCC_Define>
        <VerInfo_Keys>CompanyName=;FileDescription=;FileVersion=1.0.0.0;InternalName=;LegalCopyright=;LegalTrademarks=;OriginalFilename=;ProductName=;ProductVersion=1.0.0.0;Comments=</VerInfo_Keys>
        <DCC_DcuOutput>C:\Intesig\DCU</DCC_DcuOutput>
        <DCC_ExeOutput>C:\Intesig</DCC_ExeOutput>
        <SanitizedProjectName>IntesigVENTests</SanitizedProjectName>
        <Icns_MainIcns>$(BDS)\bin\delphi_PROJECTICNS.icns</Icns_MainIcns>
    </PropertyGroup>
    <PropertyGroup Condition="'$(Base_Android)'!=''">
        <Android_LauncherIcon36>$(BDS)\bin\Artwork\Android\FM_LauncherIcon_36x36.png</Android_LauncherIcon36>
        <Android_LauncherIcon48>$(BDS)\bin\Artwork\Android\FM_LauncherIcon_48x48.png</Android_LauncherIcon48>
        <Android_LauncherIcon72>$(BDS)\bin\Artwork\Android\FM_LauncherIcon_72x72.png</Android_LauncherIcon72>
        <Android_LauncherIcon96>$(BDS)\bin\Artwork\Android\FM_LauncherIcon_96x96.png</Android_LauncherIcon96>
        <Android_LauncherIcon144>$(BDS)\bin\Artwork\Android\FM_LauncherIcon_144x144.png</Android_LauncherIcon144>
        <Android_SplashImage426>$(BDS)\bin\Artwork\Android\FM_SplashImage_426x320.png</Android_SplashImage426>
        <Android_SplashImage470>$(BDS)\bin\Artwork\Android\FM_SplashImage_470x320.png</Android_SplashImage470>
        <Android_SplashImage640>$(BDS)\bin\Artwork\Android\FM_SplashImage_640x480.png</Android_SplashImage640>
        <Android_SplashImage960>$(BDS)\bin\Artwork\Android\FM_SplashImage_960x720.png</Android_SplashImage960>
        <AUP_ACCESS_COARSE_LOCATION>true</AUP_ACCESS_COARSE_LOCATION>
        <AUP_ACCESS_FINE_LOCATION>true</AUP_ACCESS_FINE_LOCATION>
        <AUP_CALL_PHONE>true</AUP_CALL_PHONE>
        <AUP_CAMERA>true</AUP_CAMERA>
        <AUP_INTERNET>true</AUP_INTERNET>
        <AUP_READ_CALENDAR>true</AUP_READ_CALENDAR>
        <AUP_READ_EXTERNAL_STORAGE>true</AUP_READ_EXTERNAL_STORAGE>
        <AUP_WRITE_CALENDAR>true</AUP_WRITE_CALENDAR>
        <AUP_WRITE_EXTERNAL_STORAGE>true</AUP_WRITE_EXTERNAL_STORAGE>
        <AUP_READ_PHONE_STATE>true</AUP_READ_PHONE_STATE>
    </PropertyGroup>
    <PropertyGroup Condition="'$(Base_iOSDevice32)'!=''">
        <iPhone_AppIcon60>$(BDS)\bin\Artwork\iOS\iPhone\FM_ApplicationIcon_60x60.png</iPhone_AppIcon60>
        <iPhone_AppIcon120>$(BDS)\bin\Artwork\iOS\iPhone\FM_ApplicationIcon_120x120.png</iPhone_AppIcon120>
        <iPhone_Spotlight40>$(BDS)\bin\Artwork\iOS\iPhone\FM_SpotlightSearchIcon_40x40.png</iPhone_Spotlight40>
        <iPhone_Spotlight80>$(BDS)\bin\Artwork\iOS\iPhone\FM_SpotlightSearchIcon_80x80.png</iPhone_Spotlight80>
        <iPad_SpotLight40>$(BDS)\bin\Artwork\iOS\iPad\FM_SpotlightSearchIcon_40x40.png</iPad_SpotLight40>
        <iPad_SpotLight80>$(BDS)\bin\Artwork\iOS\iPad\FM_SpotlightSearchIcon_80x80.png</iPad_SpotLight80>
        <iPad_AppIcon76>$(BDS)\bin\Artwork\iOS\iPad\FM_ApplicationIcon_76x76.png</iPad_AppIcon76>
        <iPad_AppIcon152>$(BDS)\bin\Artwork\iOS\iPad\FM_ApplicationIcon_152x152.png</iPad_AppIcon152>
        <iPad_Launch768x1024>$(BDS)\bin\Artwork\iOS\iPad\FM_LaunchImagePortrait_768x1024.png</iPad_Launch768x1024>
        <iPad_Launch1024x768>$(BDS)\bin\Artwork\iOS\iPad\FM_LaunchImageLandscape_1024x768.png</iPad_Launch1024x768>
        <iPad_Launch1536x2048>$(BDS)\bin\Artwork\iOS\iPad\FM_LaunchImagePortrait_1536x2048.png</iPad_Launch1536x2048>
        <iPad_Launch2048x1536>$(BDS)\bin\Artwork\iOS\iPad\FM_LaunchImageLandscape_2048x1536.png</iPad_Launch2048x1536>
    </PropertyGroup>
    <PropertyGroup Condition="'$(Base_iOSDevice64)'!=''">
        <iPhone_AppIcon60>$(BDS)\bin\Artwork\iOS\iPhone\FM_ApplicationIcon_60x60.png</iPhone_AppIcon60>
        <iPhone_AppIcon120>$(BDS)\bin\Artwork\iOS\iPhone\FM_ApplicationIcon_120x120.png</iPhone_AppIcon120>
        <iPhone_Spotlight40>$(BDS)\bin\Artwork\iOS\iPhone\FM_SpotlightSearchIcon_40x40.png</iPhone_Spotlight40>
        <iPhone_Spotlight80>$(BDS)\bin\Artwork\iOS\iPhone\FM_SpotlightSearchIcon_80x80.png</iPhone_Spotlight80>
        <iPad_SpotLight40>$(BDS)\bin\Artwork\iOS\iPad\FM_SpotlightSearchIcon_40x40.png</iPad_SpotLight40>
        <iPad_SpotLight80>$(BDS)\bin\Artwork\iOS\iPad\FM_SpotlightSearchIcon_80x80.png</iPad_SpotLight80>
        <iPad_AppIcon76>$(BDS)\bin\Artwork\iOS\iPad\FM_ApplicationIcon_76x76.png</iPad_AppIcon76>
        <iPad_AppIcon152>$(BDS)\bin\Artwork\iOS\iPad\FM_ApplicationIcon_152x152.png</iPad_AppIcon152>
        <iPad_Launch768x1024>$(BDS)\bin\Artwork\iOS\iPad\FM_LaunchImagePortrait_768x1024.png</iPad_Launch768x1024>
        <iPad_Launch1024x768>$(BDS)\bin\Artwork\iOS\iPad\FM_LaunchImageLandscape_1024x768.png</iPad_Launch1024x768>
        <iPad_Launch1536x2048>$(BDS)\bin\Artwork\iOS\iPad\FM_LaunchImagePortrait_1536x2048.png</iPad_Launch1536x2048>
        <iPad_Launch2048x1536>$(BDS)\bin\Artwork\iOS\iPad\FM_LaunchImageLandscape_2048x1536.png</iPad_Launch2048x1536>
    </PropertyGroup>
    <PropertyGroup Condition="'$(Base_iOSSimulator)'!=''">
        <iPhone_AppIcon60>$(BDS)\bin\Artwork\iOS\iPhone\FM_ApplicationIcon_60x60.png</iPhone_AppIcon60>
        <iPhone_AppIcon120>$(BDS)\bin\Artwork\iOS\iPhone\FM_ApplicationIcon_120x120.png</iPhone_AppIcon120>
        <iPhone_Spotlight40>$(BDS)\bin\Artwork\iOS\iPhone\FM_SpotlightSearchIcon_40x40.png</iPhone_Spotlight40>
        <iPhone_Spotlight80>$(BDS)\bin\Artwork\iOS\iPhone\FM_SpotlightSearchIcon_80x80.png</iPhone_Spotlight80>
        <iPad_SpotLight40>$(BDS)\bin\Artwork\iOS\iPad\FM_SpotlightSearchIcon_40x40.png</iPad_SpotLight40>
        <iPad_SpotLight80>$(BDS)\bin\Artwork\iOS\iPad\FM_SpotlightSearchIcon_80x80.png</iPad_SpotLight80>
        <iPad_AppIcon76>$(BDS)\bin\Artwork\iOS\iPad\FM_ApplicationIcon_76x76.png</iPad_AppIcon76>
        <iPad_AppIcon152>$(BDS)\bin\Artwork\iOS\iPad\FM_ApplicationIcon_152x152.png</iPad_AppIcon152>
        <iPad_Launch768x1024>$(BDS)\bin\Artwork\iOS\iPad\FM_LaunchImagePortrait_768x1024.png</iPad_Launch768x1024>
        <iPad_Launch1024x768>$(BDS)\bin\Artwork\iOS\iPad\FM_LaunchImageLandscape_1024x768.png</iPad_Launch1024x768>
        <iPad_Launch1536x2048>$(BDS)\bin\Artwork\iOS\iPad\FM_LaunchImagePortrait_1536x2048.png</iPad_Launch1536x2048>
        <iPad_Launch2048x1536>$(BDS)\bin\Artwork\iOS\iPad\FM_LaunchImageLandscape_2048x1536.png</iPad_Launch2048x1536>
    </PropertyGroup>
    <PropertyGroup Condition="'$(Base_Win32)'!=''">
        <DCC_Namespace>Winapi;System.Win;Data.Win;Datasnap.Win;Web.Win;Soap.Win;Xml.Win;Bde;$(DCC_Namespace)</DCC_Namespace>
        <VerInfo_Locale>1033</VerInfo_Locale>
        <DCC_UsePackage>dxTileControlRS16;JvGlobus;fsADO16;JvMM;cxLibraryRS16;JvManagedThreads;dclRBADO1416;ACBr_BoletoFR;JvCrypt;ACBr_NFeDanfeFR;dxPsPrVwAdvRS16;frxBDE16;dxPSCoreRS16;cxPivotGridOLAPRS16;dxPScxGridLnkRS16;dxPScxTLLnkRS16;rbRCL1416;JvNet;cxPageControlRS16;rbRAP1416;JvDotNetCtrls;ACBr_synapse;fsIBX16;vclimg;fmi;RtmRxCtl160;dxComnRS16;JvXPCtrls;ACBr_Comum;vcldb;dxADOServerModeRS16;dxBarExtDBItemsRS16;rbUSER1416;CnPack_D16;dclRBBDE1416;rbCIDE1416;rbDIDE1416;UIBD16Win32R;cxDataRS16;cxBarEditItemRS16;ACBr_NFeDanfeRVCodeBase;dxDockingRS16;cxPageControldxBarPopupMenuRS16;dxPSDBTeeChartRS16;tmsexdxe2;JvDB;JvRuntimeDesign;ACBr_CTeDacteFR;dxPSLnksRS16;dxBarExtItemsRS16;JclDeveloperTools;dxPSTeeChartRS16;dxPSdxLCLnkRS16;cxVerticalGridRS16;dxorgcRS16;dxPScxExtCommonRS16;vcldbx;dxNavBarRS16;JvPluginSystem;ACBr_NFe;DBXOdbcDriver;dxdbtrRS16;JvCmp;madDisAsm_;JvTimeFramework;dxPScxSSLnkRS16;fsBDE16;frxDB16;intrawebdb_120_160;dxSkinscxPCPainterRS16;dxPSdxDBTVLnkRS16;vclactnband;dxPScxSchedulerLnkRS16;dxServerModeRS16;fs16;bindcompvcl;Jcl;vclie;rbIDE1416;madExcept_;IntesigXE2;dsnapcon;dcldxSkinsCoreRS16;JvPascalInterpreter;vclx;dxFlowChartRS16;frxIBX16;dxGDIPlusRS16;JvBDE;dxdborRS16;dxPScxVGridLnkRS16;dxLayoutControlRS16;dxPScxPivotGridLnkRS16;dxCoreRS16;cxExportRS16;RtmRxBDE160;dxBarRS16;dxSkinsdxNavBarPainterRS16;cxSpreadSheetRS16;cxTreeListdxBarPopupMenuRS16;TeeDB;dxDBXServerModeRS16;JvDlgs;frxTee16;Rave100VCL;vclib;inetdbbde;ACBr_Diversos;dxRibbonRS16;DBXSybaseASEDriver;cxTreeListRS16;ACBr_NFSeDanfseFR;dxSkinsdxRibbonPainterRS16;vcldsnap;DBXDb2Driver;Intraweb_120_160;frce;JvCore;vclribbon;frxADO16;frxe16;ACBr_Serial;dxSkinscxSchedulerPainterRS16;vcl;rbTCUI1416;ACBr_DFeComum;DBXMSSQLDriver;CodeSiteExpressPkg;RtmRxDB160;FixInsight_XE2;ACBr_Boleto;dclRBE1416;fsTee16;JvAppFrm;cxSchedulerGridRS16;tmsdxe2;webdsnap;dxtrmdRS16;dxSkinsdxDLPainterRS16;rbRIDE1416;rbDAD1416;ACBr_NFSe;JvDocking;adortl;JvWizards;ACBr_TCP;rbUSERDesign1416;madBasic_;JvHMI;frxDBX16;JvBands;frx16;dxPSdxDBOCLnkRS16;ACBr_NFeDanfeRV;dxSkinsdxBarPainterRS16;Tee;rbDBDE1416;ACBr_CTe;dxSkinsCoreRS16;JvSystem;svnui;rbTC1416;cxPivotGridChartRS16;dxPScxCommonRS16;dxmdsRS16;dxSpellCheckerRS16;dxPSPrVwRibbonRS16;cxGridRS16;JvControls;ACBr_NFeDanfeRL;cxEditorsRS16;TeeUI;cxPivotGridRS16;JvJans;JvPrintPreview;JvPageComps;JvStdCtrls;JvCustom;rbADO1416;cxSchedulerRS16;ACBr_OpenSSL;tmsxlsdxe2;vcltouch;rbBDE1416;QR5RunNBDEDXE2;websnap;VclSmp;dxTabbedMDIRS16;rbDB1416;fsDB16;DataSnapConnectors;dxPSdxOCLnkRS16;dxPSdxFCLnkRS16;dxThemeRS16;dxPScxPCProdRS16;JclVcl;tmswizdxe2;svn;bdertl;dxBarDBNavRS16;$(DCC_UsePackage)</DCC_UsePackage>
    </PropertyGroup>
    <PropertyGroup Condition="'$(Cfg_1)'!=''">
        <DCC_Define>DEBUG;$(DCC_Define)</DCC_Define>
        <DCC_Optimize>false</DCC_Optimize>
        <DCC_GenerateStackFrames>true</DCC_GenerateStackFrames>
        <DCC_DebugInfoInExe>true</DCC_DebugInfoInExe>
        <DCC_RemoteDebug>true</DCC_RemoteDebug>
    </PropertyGroup>
    <PropertyGroup Condition="'$(Cfg_1_Win32)'!=''">
        <Debugger_RunParams>INTESIG MASTER 123 001</Debugger_RunParams>
        <VerInfo_Locale>1033</VerInfo_Locale>
        <DCC_RemoteDebug>false</DCC_RemoteDebug>
    </PropertyGroup>
    <PropertyGroup Condition="'$(Cfg_2)'!=''">
        <DCC_LocalDebugSymbols>false</DCC_LocalDebugSymbols>
        <DCC_Define>RELEASE;$(DCC_Define)</DCC_Define>
        <DCC_SymbolReferenceInfo>0</DCC_SymbolReferenceInfo>
        <DCC_DebugInformation>0</DCC_DebugInformation>
    </PropertyGroup>
    <PropertyGroup Condition="'$(Cfg_2_Win32)'!=''">
        <VerInfo_Locale>1033</VerInfo_Locale>
    </PropertyGroup>
    <ItemGroup>
        <DelphiCompile Include="$(MainSource)">
            <MainSource>MainSource</MainSource>
        </DelphiCompile>
        <DCCReference Include="..\..\Uso Geral\PAIMDICHILD.pas"/>
        <DCCReference Include="..\..\Uso Geral\PAIDETODOS.pas"/>
        <DCCReference Include="..\..\Uso Geral\PAIPRINCIPAL.pas"/>
        <DCCReference Include="..\..\Uso Geral\UNI800M.pas">
            <Form>FUNI800M</Form>
            <DesignClass>TDataModule</DesignClass>
        </DCCReference>
        <DCCReference Include="..\..\Uso Geral\Tradução\TraducaoXE2.pas"/>
        <DCCReference Include="..\..\Uso Geral\UsaEcfBematech.pas"/>
        <DCCReference Include="..\..\Uso Geral\UsaEcfCorisco.pas"/>
        <DCCReference Include="..\..\Uso Geral\UsaEcfDaruma.pas"/>
        <DCCReference Include="..\..\Uso Geral\UsaEcfSweda.pas"/>
        <DCCReference Include="..\..\Uso Geral\UsaPESQMODAL.pas">
            <Form>FUSAPESQMODAL</Form>
        </DCCReference>
        <DCCReference Include="..\..\Uso Geral\AcsSistemas.pas"/>
        <DCCReference Include="..\..\Uso Geral\AcsGERAL.pas"/>
        <DCCReference Include="..\..\Uso Geral\FramePeriodo.pas">
            <Form>FramePeriodo</Form>
            <DesignClass>TFrame</DesignClass>
        </DCCReference>
        <DCCReference Include="..\..\Uso Geral\USANF.pas">
            <Form>FUSANF</Form>
            <DesignClass>TFrame</DesignClass>
        </DCCReference>
        <DCCReference Include="..\..\Uso Geral\UsaECF.pas"/>
        <DCCReference Include="..\..\Uso Geral\UsaUrano.pas"/>
        <DCCReference Include="..\..\Uso Geral\UsaECFEpson.pas"/>
        <DCCReference Include="..\..\Uso Geral\UsaECFElgin.pas"/>
        <DCCReference Include="..\..\Uso Geral\ECF.pas"/>
        <DCCReference Include="..\..\Uso Geral\FrameCliente.pas">
            <Form>FrameCliente</Form>
            <DesignClass>TFrame</DesignClass>
        </DCCReference>
        <DCCReference Include="..\..\Uso Geral\UsaPesquisaGeralCliFor.pas">
            <Form>FUsaPesquisaGeralCliFor</Form>
        </DCCReference>
        <DCCReference Include="..\..\Uso Geral\UsaPesqModal_ICCIAG.pas"/>
        <DCCReference Include="..\..\Uso Geral\UsaPesqModal_PesqGeral.pas"/>
        <DCCReference Include="..\..\Uso Geral\UsaPesqModal_RecPag.pas"/>
        <DCCReference Include="..\..\Uso Geral\UsaPesqModal_EstVen.pas"/>
        <DCCReference Include="..\..\Uso Geral\UsaPesqModal_UniGer.pas"/>
        <DCCReference Include="..\..\SisVEN\VEN711E.pas">
            <Form>FVEN711E</Form>
        </DCCReference>
        <DCCReference Include="..\..\SisVEN\VEN711X.pas">
            <Form>FVEN711X</Form>
        </DCCReference>
        <DCCReference Include="..\..\SisVEN\VEN711Y.pas">
            <Form>FVEN711Y</Form>
        </DCCReference>
        <DCCReference Include="..\..\SisVEN\VEN711Z.pas">
            <Form>FVEN711Z</Form>
        </DCCReference>
        <DCCReference Include="..\..\SisVEN\VEN712E.pas">
            <Form>FVEN712E</Form>
        </DCCReference>
        <DCCReference Include="..\..\SisVEN\VEN755E.pas">
            <Form>FVEN755E</Form>
        </DCCReference>
        <DCCReference Include="..\..\SisVEN\VEN900A.pas">
            <Form>FVEN900A</Form>
        </DCCReference>
        <DCCReference Include="..\..\SisVEN\VEN205P.pas">
            <Form>FVEN205P</Form>
        </DCCReference>
        <DCCReference Include="..\..\SisVEN\VEN400R.pas">
            <Form>FVEN400R</Form>
        </DCCReference>
        <DCCReference Include="..\..\SisVEN\VEN601E.pas">
            <Form>FVEN601E</Form>
        </DCCReference>
        <DCCReference Include="..\..\SisVEN\VEN402X.pas">
            <Form>FVEN402X</Form>
        </DCCReference>
        <DCCReference Include="..\..\SisVEN\VEN600E.pas">
            <Form>FVEN600E</Form>
        </DCCReference>
        <DCCReference Include="..\..\SisVEN\VEN460R.pas">
            <Form>FVEN460R</Form>
        </DCCReference>
        <DCCReference Include="..\..\SisVEN\VEN459R.pas">
            <Form>FVEN459R</Form>
        </DCCReference>
        <DCCReference Include="..\..\SisVEN\VEN006C.pas">
            <Form>FVEN006C</Form>
        </DCCReference>
        <DCCReference Include="..\..\SisVEN\VEN629E.pas">
            <Form>FVEN629E</Form>
        </DCCReference>
        <DCCReference Include="..\..\SisVEN\VEN602W.pas">
            <Form>FVEN602W</Form>
        </DCCReference>
        <DCCReference Include="..\..\SisVEN\VEN462R.pas">
            <Form>FVEN462R</Form>
        </DCCReference>
        <DCCReference Include="..\..\SisVEN\VEN464R.pas">
            <Form>FVEN464R</Form>
        </DCCReference>
        <DCCReference Include="..\..\SisVEN\VEN463R.pas">
            <Form>FVEN463R</Form>
        </DCCReference>
        <DCCReference Include="..\..\SisVEN\VEN000C.pas">
            <Form>FVEN000C</Form>
        </DCCReference>
        <DCCReference Include="..\..\SisVEN\VEN465R.pas">
            <Form>FVEN465R</Form>
        </DCCReference>
        <DCCReference Include="..\..\SisVEN\VEN403R.pas">
            <Form>FVEN403R</Form>
        </DCCReference>
        <DCCReference Include="..\..\SisVEN\ven402z.pas">
            <Form>FVEN402Z</Form>
        </DCCReference>
        <DCCReference Include="..\..\SisVEN\VEN415R.pas">
            <Form>FVEN415R</Form>
        </DCCReference>
        <DCCReference Include="..\..\SisVEN\VEN601D.pas">
            <Form>FVEN601D</Form>
        </DCCReference>
        <DCCReference Include="..\..\SisVEN\VEN419R.pas">
            <Form>FVEN419R</Form>
        </DCCReference>
        <DCCReference Include="..\..\SisVEN\VEN414R.pas">
            <Form>FVEN414R</Form>
        </DCCReference>
        <DCCReference Include="..\..\SisVEN\UsaNFServico.pas"/>
        <DCCReference Include="..\..\SisVEN\VEN420R.pas">
            <Form>FVEN420R</Form>
        </DCCReference>
        <DCCReference Include="..\..\SisVEN\VEN467R.pas">
            <Form>FVEN467R</Form>
        </DCCReference>
        <DCCReference Include="..\..\SisVEN\VEN468R.pas">
            <Form>FVEN468R</Form>
        </DCCReference>
        <DCCReference Include="..\..\SisVEN\VEN438R.pas">
            <Form>FVEN438R</Form>
        </DCCReference>
        <DCCReference Include="..\..\SisVEN\VEN026C.pas">
            <Form>FVEN026C</Form>
        </DCCReference>
        <DCCReference Include="..\..\SisVEN\VEN466R.pas">
            <Form>FVEN466R</Form>
        </DCCReference>
        <DCCReference Include="..\..\SisVEN\VEN413R.pas">
            <Form>FVEN413R</Form>
        </DCCReference>
        <DCCReference Include="..\..\SisVEN\VEN405R.pas">
            <Form>FVEN405R</Form>
        </DCCReference>
        <DCCReference Include="..\..\SisVEN\VEN6014.pas">
            <Form>FVEN6014</Form>
        </DCCReference>
        <DCCReference Include="..\..\SisVEN\VEN470R.pas">
            <Form>FVEN470R</Form>
        </DCCReference>
        <DCCReference Include="..\..\SisVEN\VEN469R.pas">
            <Form>FVEN469R</Form>
        </DCCReference>
        <DCCReference Include="..\..\SisVEN\VEN616E.pas">
            <Form>FVEN616E</Form>
        </DCCReference>
        <DCCReference Include="..\..\SisVEN\VEN461R.pas">
            <Form>FVEN461R</Form>
        </DCCReference>
        <DCCReference Include="..\..\SisVEN\VEN606E.pas">
            <Form>FVEN606E</Form>
        </DCCReference>
        <DCCReference Include="..\..\SisVEN\VEN204W.pas">
            <Form>FVEN204W</Form>
        </DCCReference>
        <DCCReference Include="..\..\SisVEN\VEN471R.pas">
            <Form>FVEN471R</Form>
        </DCCReference>
        <DCCReference Include="..\..\SisVEN\VEN623E.pas">
            <Form>FVEN623E</Form>
        </DCCReference>
        <DCCReference Include="..\..\SisVEN\VEN6012.pas">
            <Form>FVEN6012</Form>
        </DCCReference>
        <DCCReference Include="..\..\SisVEN\VEN472R.pas">
            <Form>FVEN472R</Form>
        </DCCReference>
        <DCCReference Include="..\..\SisVEN\VEN632E.pas">
            <Form>FVEN632E</Form>
        </DCCReference>
        <DCCReference Include="..\..\SisVEN\VEN473R.pas">
            <Form>FVEN473R</Form>
        </DCCReference>
        <DCCReference Include="..\..\SisVEN\VEN474R.pas">
            <Form>FVEN474R</Form>
        </DCCReference>
        <DCCReference Include="..\..\SisVEN\VEN475R.pas">
            <Form>FVEN475R</Form>
        </DCCReference>
        <DCCReference Include="..\..\SisVEN\VEN433R.pas">
            <Form>FVEN433R</Form>
        </DCCReference>
        <DCCReference Include="..\..\SisVEN\VEN206P.pas">
            <Form>FVEN206P</Form>
        </DCCReference>
        <DCCReference Include="..\..\SisVEN\VEN412R.pas">
            <Form>FVEN412R</Form>
        </DCCReference>
        <DCCReference Include="..\..\SisVEN\VEN417R.pas">
            <Form>FVEN417R</Form>
        </DCCReference>
        <DCCReference Include="..\..\SisVEN\VEN418r.pas">
            <Form>FVEN418R</Form>
        </DCCReference>
        <DCCReference Include="..\..\SisVEN\VEN489R.pas">
            <Form>FVEN489R</Form>
        </DCCReference>
        <DCCReference Include="..\..\SisVEN\VEN445R.pas">
            <Form>FVEN445R</Form>
        </DCCReference>
        <DCCReference Include="..\..\SisVEN\VEN601K.pas">
            <Form>FVEN601K</Form>
        </DCCReference>
        <DCCReference Include="..\..\SisVEN\VEN601Z.pas">
            <Form>FVEN601Z</Form>
        </DCCReference>
        <DCCReference Include="..\..\SisVEN\VEN499R.pas">
            <Form>FVEN499R</Form>
        </DCCReference>
        <DCCReference Include="..\..\SisVEN\VEN456R.pas">
            <Form>FVEN456R</Form>
        </DCCReference>
        <DCCReference Include="..\..\SisVEN\VEN458R.pas">
            <Form>FVEN458R</Form>
        </DCCReference>
        <DCCReference Include="..\..\SisVEN\VEN409R.pas">
            <Form>FVEN409R</Form>
        </DCCReference>
        <DCCReference Include="..\..\SisVEN\VEN411R.pas">
            <Form>FVEN411R</Form>
        </DCCReference>
        <DCCReference Include="..\..\SisVEN\VEN435R.pas">
            <Form>FVEN435R</Form>
        </DCCReference>
        <DCCReference Include="..\..\SisVEN\VEN204P.pas">
            <Form>FVEN204P</Form>
        </DCCReference>
        <DCCReference Include="..\..\SisVEN\ven451R.pas">
            <Form>FVEN451R</Form>
        </DCCReference>
        <DCCReference Include="..\..\SisVEN\VEN000F.pas"/>
        <DCCReference Include="..\..\SisVEN\VEN442R.pas">
            <Form>FVEN442R</Form>
        </DCCReference>
        <DCCReference Include="..\..\SisVEN\VEN601G.pas">
            <Form>FVEN601G</Form>
        </DCCReference>
        <DCCReference Include="..\..\SisVEN\VEN601V.pas">
            <Form>FVEN601V</Form>
        </DCCReference>
        <DCCReference Include="..\..\SisVEN\VEN602E.pas">
            <Form>FVEN602E</Form>
        </DCCReference>
        <DCCReference Include="..\..\SisVEN\VEN601L.pas">
            <Form>FVEN601L</Form>
        </DCCReference>
        <DCCReference Include="..\..\SisVEN\VEN601LA.pas">
            <Form>FVEN601LA</Form>
        </DCCReference>
        <DCCReference Include="..\..\SisVEN\VEN204Z.pas">
            <Form>FVEN204Z</Form>
        </DCCReference>
        <DCCReference Include="..\..\SisVEN\VEN027C.pas">
            <Form>FVEN027C</Form>
        </DCCReference>
        <DCCReference Include="..\..\SisVEN\VEN431R.pas">
            <Form>FVEN431R</Form>
        </DCCReference>
        <DCCReference Include="..\..\SisVEN\VEN487R.pas">
            <Form>FVEN487R</Form>
        </DCCReference>
        <DCCReference Include="..\..\SisVEN\VEN410R.pas">
            <Form>FVEN410R</Form>
        </DCCReference>
        <DCCReference Include="..\..\SisVEN\VEN444R.pas">
            <Form>FVEN444R</Form>
        </DCCReference>
        <DCCReference Include="..\..\SisVEN\VEN014C.pas">
            <Form>FVEN014C</Form>
        </DCCReference>
        <DCCReference Include="..\..\SisVEN\VEN633E.pas">
            <Form>FVEN633E</Form>
        </DCCReference>
        <DCCReference Include="..\..\SisVEN\VEN484R.pas">
            <Form>FVEN484R</Form>
        </DCCReference>
        <DCCReference Include="..\..\SisVEN\VEN202P.pas">
            <Form>FVEN202P</Form>
        </DCCReference>
        <DCCReference Include="..\..\SisVEN\VEN406R.pas">
            <Form>FVEN406R</Form>
        </DCCReference>
        <DCCReference Include="..\..\SisVEN\VEN628E.pas">
            <Form>FVEN628E</Form>
        </DCCReference>
        <DCCReference Include="..\..\SisVEN\VEN477R.pas">
            <Form>FVEN477R</Form>
        </DCCReference>
        <DCCReference Include="..\..\SisVEN\VEN432R.pas">
            <Form>FVEN432R</Form>
        </DCCReference>
        <DCCReference Include="..\..\SisVEN\VEN476R.pas">
            <Form>FVEN476R</Form>
        </DCCReference>
        <DCCReference Include="..\..\SisVEN\VEN428R.pas">
            <Form>FVEN428R</Form>
        </DCCReference>
        <DCCReference Include="..\..\SisVEN\VEN611E.pas">
            <Form>FVEN611E</Form>
        </DCCReference>
        <DCCReference Include="..\..\SisVEN\VEN611Z.pas">
            <Form>FVEN611Z</Form>
        </DCCReference>
        <DCCReference Include="..\..\SisVEN\VEN611Y.pas">
            <Form>FVEN611Y</Form>
        </DCCReference>
        <DCCReference Include="..\..\SisVEN\VEN001C.pas">
            <Form>FVEN001C</Form>
        </DCCReference>
        <DCCReference Include="..\..\SisVEN\VEN605E.pas">
            <Form>FVEN605E</Form>
        </DCCReference>
        <DCCReference Include="..\..\SisVEN\VEN455R.pas">
            <Form>FVEN455R</Form>
        </DCCReference>
        <DCCReference Include="..\..\SisVEN\VEN601I.pas">
            <Form>FVEN601I</Form>
        </DCCReference>
        <DCCReference Include="..\..\SisVEN\VEN601O.pas">
            <Form>FVEN601O</Form>
        </DCCReference>
        <DCCReference Include="..\..\SisVEN\VEN448R.pas">
            <Form>FVEN448R</Form>
        </DCCReference>
        <DCCReference Include="..\..\SisVEN\VEN478R.pas">
            <Form>FVEN478R</Form>
        </DCCReference>
        <DCCReference Include="..\..\SisVEN\VEN634E.pas">
            <Form>FVEN634E</Form>
        </DCCReference>
        <DCCReference Include="..\..\SisVEN\VEN624E.pas">
            <Form>FVEN624E</Form>
        </DCCReference>
        <DCCReference Include="..\..\SisVEN\VEN635E.pas">
            <Form>FVEN635E</Form>
        </DCCReference>
        <DCCReference Include="..\..\SisVEN\VEN452R.pas">
            <Form>FVEN452R</Form>
        </DCCReference>
        <DCCReference Include="..\..\SisVEN\VEN642E.pas">
            <Form>FVEN642E</Form>
        </DCCReference>
        <DCCReference Include="..\..\SisVEN\VEN479R.pas">
            <Form>FVEN479R</Form>
        </DCCReference>
        <DCCReference Include="..\..\SisVEN\VEN637E.pas">
            <Form>FVEN637E</Form>
        </DCCReference>
        <DCCReference Include="..\..\SisVEN\VEN601U.pas">
            <Form>FVEN601U</Form>
        </DCCReference>
        <DCCReference Include="..\..\SisVEN\VEN429R.pas">
            <Form>FVEN429R</Form>
        </DCCReference>
        <DCCReference Include="..\..\SisVEN\VEN607E.pas">
            <Form>FVEN607E</Form>
        </DCCReference>
        <DCCReference Include="..\..\SisVEN\VEN622E.pas">
            <Form>FVEN622E</Form>
        </DCCReference>
        <DCCReference Include="..\..\SisVEN\VEN625E.pas">
            <Form>FVEN625E</Form>
        </DCCReference>
        <DCCReference Include="..\..\SisVEN\VEN480R.pas">
            <Form>FVEN480R</Form>
        </DCCReference>
        <DCCReference Include="..\..\SisVEN\VEN638E.pas">
            <Form>FVEN638E</Form>
        </DCCReference>
        <DCCReference Include="..\..\SisVEN\VEN479T.pas">
            <Form>FVEN479T</Form>
        </DCCReference>
        <DCCReference Include="..\..\SisVEN\VEN404R.pas">
            <Form>FVEN404R</Form>
        </DCCReference>
        <DCCReference Include="..\..\SisVEN\VEN604E.pas">
            <Form>FVEN604E</Form>
        </DCCReference>
        <DCCReference Include="..\..\SisVEN\VEN612E.pas">
            <Form>FVEN612E</Form>
        </DCCReference>
        <DCCReference Include="..\..\SisVEN\VEN028C.pas">
            <Form>FVEN028C</Form>
        </DCCReference>
        <DCCReference Include="..\..\SisVEN\VEN437R.pas">
            <Form>FVEN437R</Form>
        </DCCReference>
        <DCCReference Include="..\..\SisVEN\VEN482R.pas">
            <Form>FVEN482R</Form>
        </DCCReference>
        <DCCReference Include="..\..\SisVEN\VEN483R.pas">
            <Form>FVEN483R</Form>
        </DCCReference>
        <DCCReference Include="..\..\SisVEN\VEN639E.pas">
            <Form>FVEN639E</Form>
        </DCCReference>
        <DCCReference Include="..\..\SisVEN\VEN640E.pas">
            <Form>FVEN640E</Form>
        </DCCReference>
        <DCCReference Include="..\..\SisVEN\VEN004C.pas">
            <Form>FVEN004C</Form>
        </DCCReference>
        <DCCReference Include="..\..\SisVEN\VEN416R.pas">
            <Form>FVEN416R</Form>
        </DCCReference>
        <DCCReference Include="..\..\SisVEN\VEN449R.pas">
            <Form>FVEN449R</Form>
        </DCCReference>
        <DCCReference Include="..\..\SisVEN\VEN430R.pas">
            <Form>FVEN430R</Form>
        </DCCReference>
        <DCCReference Include="..\..\SisVEN\ven443r.pas">
            <Form>FVEN443R</Form>
        </DCCReference>
        <DCCReference Include="..\..\SisVEN\VEN207P.pas">
            <Form>FVEN207P</Form>
        </DCCReference>
        <DCCReference Include="..\..\SisVEN\VEN609E.pas">
            <Form>FVEN609E</Form>
        </DCCReference>
        <DCCReference Include="..\..\SisVEN\VEN643E.pas">
            <Form>FVEN643E</Form>
        </DCCReference>
        <DCCReference Include="..\..\SisVEN\VEN605P.pas">
            <Form>FVEN605P</Form>
        </DCCReference>
        <DCCReference Include="..\..\SisVEN\VEN201P.pas">
            <Form>FVEN201P</Form>
        </DCCReference>
        <DCCReference Include="..\..\SisVEN\VEN481R.pas">
            <Form>FVEN481R</Form>
        </DCCReference>
        <DCCReference Include="..\..\SisVEN\VEN641E.pas">
            <Form>FVEN641E</Form>
        </DCCReference>
        <DCCReference Include="..\..\SisVEN\VEN601AE.pas">
            <Form>FVEN601AE</Form>
        </DCCReference>
        <DCCReference Include="..\..\SisVEN\VEN479Z.pas">
            <Form>FVEN479Z</Form>
        </DCCReference>
        <DCCReference Include="..\..\SisVEN\VEN486R.pas">
            <Form>FVEN486R</Form>
        </DCCReference>
        <DCCReference Include="..\..\SisVEN\VEN485R.pas">
            <Form>FVEN485R</Form>
        </DCCReference>
        <DCCReference Include="..\..\SisVEN\VEN501R.pas">
            <Form>FVEN501R</Form>
        </DCCReference>
        <DCCReference Include="..\..\SisVEN\VEN434R.pas">
            <Form>FVEN434R</Form>
        </DCCReference>
        <DCCReference Include="..\..\SisVEN\VEN500R.pas">
            <Form>FVEN500R</Form>
        </DCCReference>
        <DCCReference Include="..\..\SisVEN\VEN454R.pas">
            <Form>FVEN454R</Form>
        </DCCReference>
        <DCCReference Include="..\..\SisVEN\VEN601X.pas">
            <Form>FVEN601X</Form>
        </DCCReference>
        <DCCReference Include="..\..\SisVEN\VEN502R.pas">
            <Form>FVEN502R</Form>
        </DCCReference>
        <DCCReference Include="..\..\SisVEN\VEN502X.pas">
            <Form>FVEN502X</Form>
        </DCCReference>
        <DCCReference Include="..\..\SisVEN\VEN446R.pas">
            <Form>FVEN446R</Form>
        </DCCReference>
        <DCCReference Include="..\..\SisVEN\VEN645E.pas">
            <Form>FVEN645E</Form>
        </DCCReference>
        <DCCReference Include="..\..\SisVEN\VEN457R.pas">
            <Form>FVEN457R</Form>
        </DCCReference>
        <DCCReference Include="..\..\SisVEN\VEN488R.pas">
            <Form>FVEN488R</Form>
        </DCCReference>
        <DCCReference Include="..\..\SisVEN\VEN616W.pas">
            <Form>FVEN616W</Form>
        </DCCReference>
        <DCCReference Include="..\..\SisVEN\VEN601AB.pas">
            <Form>FVEN601AB</Form>
        </DCCReference>
        <DCCReference Include="..\..\SisVEN\VEN601AG.pas">
            <Form>FVEN601AG</Form>
        </DCCReference>
        <DCCReference Include="..\..\SisVEN\VEN503R.pas">
            <Form>FVEN503R</Form>
        </DCCReference>
        <DCCReference Include="..\..\SisVEN\VEN407R.pas">
            <Form>FVEN407R</Form>
        </DCCReference>
        <DCCReference Include="..\..\SisVEN\VEN601AD.pas">
            <Form>FVEN601AD</Form>
        </DCCReference>
        <DCCReference Include="..\..\SisVEN\VEN601T.pas">
            <Form>FVEN601T</Form>
        </DCCReference>
        <DCCReference Include="..\..\SisVEN\VEN409Y.pas">
            <Form>FVEN409Y</Form>
        </DCCReference>
        <DCCReference Include="..\..\SisVEN\VEN618E.pas">
            <Form>FVEN618E</Form>
        </DCCReference>
        <DCCReference Include="..\..\SisVEN\VEN029C.pas">
            <Form>FVEN029C</Form>
        </DCCReference>
        <DCCReference Include="..\..\SisVEN\VEN504R.pas">
            <Form>FVEN504R</Form>
        </DCCReference>
        <DCCReference Include="..\..\SisVEN\VEN451Y.pas">
            <Form>FVEN451Y</Form>
        </DCCReference>
        <DCCReference Include="..\..\SisVEN\VEN402R.pas">
            <Form>FVEN402R</Form>
        </DCCReference>
        <DCCReference Include="..\..\SisVEN\VEN447R.pas">
            <Form>FVEN447R</Form>
        </DCCReference>
        <DCCReference Include="..\..\SisVEN\VEN030C.pas">
            <Form>FVEN030C</Form>
        </DCCReference>
        <DCCReference Include="..\..\SisVEN\VEN654E.pas">
            <Form>FVEN654E</Form>
        </DCCReference>
        <DCCReference Include="..\..\SisVEN\VEN647E.pas">
            <Form>FVEN647E</Form>
        </DCCReference>
        <DCCReference Include="..\..\SisVEN\VEN402R1.pas"/>
        <DCCReference Include="..\..\SisVEN\VEN402R2.pas"/>
        <DCCReference Include="..\..\SisVEN\VEN402RX.pas"/>
        <DCCReference Include="..\..\SisVEN\VEN505R.pas">
            <Form>FVEN505R</Form>
        </DCCReference>
        <DCCReference Include="..\..\SisVEN\VEN616Y.pas">
            <Form>FVEN616Y</Form>
        </DCCReference>
        <DCCReference Include="..\..\SisVEN\ven602x.pas">
            <Form>FVEN602X</Form>
        </DCCReference>
        <DCCReference Include="..\..\SisVEN\VEN646E.pas">
            <Form>FVEN646E</Form>
        </DCCReference>
        <DCCReference Include="..\..\SisVEN\VEN506R.pas">
            <Form>FVEN506R</Form>
        </DCCReference>
        <DCCReference Include="..\..\SisVEN\VEN616Z.pas">
            <Form>FVEN616Z</Form>
        </DCCReference>
        <DCCReference Include="..\..\SisVEN\VEN616X.pas">
            <Form>FVEN616X</Form>
        </DCCReference>
        <DCCReference Include="..\..\SisVEN\VEN601AH.pas">
            <Form>FVEN601AH</Form>
        </DCCReference>
        <DCCReference Include="..\..\SisVEN\VEN601AI.pas">
            <Form>FVEN601AI</Form>
        </DCCReference>
        <DCCReference Include="..\..\SisVEN\VEN644E.pas">
            <Form>FVEN644E</Form>
        </DCCReference>
        <DCCReference Include="..\..\SisVEN\VEN601W.pas">
            <Form>FVEN601W</Form>
        </DCCReference>
        <DCCReference Include="..\..\SisVEN\VEN630V.pas">
            <Form>FVEN630V</Form>
        </DCCReference>
        <DCCReference Include="..\..\SisVEN\VEN630T.pas">
            <Form>FVEN630T</Form>
        </DCCReference>
        <DCCReference Include="..\..\SisVEN\VEN630S.pas">
            <Form>FVEN630S</Form>
        </DCCReference>
        <DCCReference Include="..\..\SisVEN\VEN630P.pas">
            <Form>FVEN630P</Form>
        </DCCReference>
        <DCCReference Include="..\..\SisVEN\VEN630M.pas">
            <Form>FVEN630M</Form>
        </DCCReference>
        <DCCReference Include="..\..\SisVEN\VEN630K.pas">
            <Form>FVEN630K</Form>
        </DCCReference>
        <DCCReference Include="..\..\SisVEN\VEN630Z.pas">
            <Form>FVEN630Z</Form>
        </DCCReference>
        <DCCReference Include="..\..\SisVEN\VEN630I.pas">
            <Form>FVEN630I</Form>
        </DCCReference>
        <DCCReference Include="..\..\SisVEN\VEN630H.pas">
            <Form>FVEN630H</Form>
        </DCCReference>
        <DCCReference Include="..\..\SisVEN\VEN630G.pas">
            <Form>FVEN630G</Form>
        </DCCReference>
        <DCCReference Include="..\..\SisVEN\VEN630F.pas">
            <Form>FVEN630F</Form>
        </DCCReference>
        <DCCReference Include="..\..\SisVEN\VEN630D.pas">
            <Form>FVEN630D</Form>
        </DCCReference>
        <DCCReference Include="..\..\SisVEN\VEN630C.pas">
            <Form>FVEN630C</Form>
        </DCCReference>
        <DCCReference Include="..\..\SisVEN\VEN630B.pas">
            <Form>FVEN630B</Form>
        </DCCReference>
        <DCCReference Include="..\..\SisVEN\VEN630A.pas">
            <Form>FVEN630A</Form>
        </DCCReference>
        <DCCReference Include="..\..\SisVEN\VEN630X.pas">
            <Form>FVEN630X</Form>
        </DCCReference>
        <DCCReference Include="..\..\SisVEN\VEN630E.pas">
            <Form>FVEN630E</Form>
        </DCCReference>
        <DCCReference Include="..\..\SisVEN\VEN000T.pas"/>
        <DCCReference Include="..\..\SisVEN\VEN508R.pas">
            <Form>FVEN508R</Form>
        </DCCReference>
        <DCCReference Include="..\..\SisVEN\VEN507R.pas">
            <Form>FVEN507R</Form>
        </DCCReference>
        <DCCReference Include="..\..\SisVEN\VEN509R.pas">
            <Form>FVEN509R</Form>
        </DCCReference>
        <DCCReference Include="..\..\SisVEN\VEN648E.pas">
            <Form>FVEN648E</Form>
        </DCCReference>
        <DCCReference Include="..\..\SisVEN\VEN510R.pas">
            <Form>FVEN510R</Form>
        </DCCReference>
        <DCCReference Include="..\..\SisVEN\VEN651E.pas">
            <Form>FVEN651E</Form>
        </DCCReference>
        <DCCReference Include="..\..\SisVEN\VEN649X.pas">
            <Form>FVEN649X</Form>
        </DCCReference>
        <DCCReference Include="..\..\SisVEN\VEN650E.pas">
            <Form>FVEN650E</Form>
        </DCCReference>
        <DCCReference Include="..\..\SisVEN\VEN511R.pas">
            <Form>FVEN511R</Form>
        </DCCReference>
        <DCCReference Include="..\..\SisVEN\VEN023C.pas">
            <Form>FVEN023C</Form>
        </DCCReference>
        <DCCReference Include="..\..\SisVEN\VEN600A.pas">
            <Form>FVEN600A</Form>
        </DCCReference>
        <DCCReference Include="..\..\SisVEN\VEN512R.pas">
            <Form>FVEN512R</Form>
        </DCCReference>
        <DCCReference Include="..\..\SisVEN\VEN649E.pas">
            <Form>FVEN649E</Form>
        </DCCReference>
        <DCCReference Include="..\..\SisVEN\VEN651X.pas">
            <Form>FVEN651X</Form>
        </DCCReference>
        <DCCReference Include="..\..\SisVEN\VEN490R.pas">
            <Form>FVEN490R</Form>
        </DCCReference>
        <DCCReference Include="..\..\SisVEN\VEN491R.pas">
            <Form>FVEN491R</Form>
        </DCCReference>
        <DCCReference Include="..\..\SisVEN\VEN513R.pas">
            <Form>FVEN513R</Form>
        </DCCReference>
        <DCCReference Include="..\..\SisVEN\VEN492R.pas">
            <Form>FVEN492R</Form>
        </DCCReference>
        <DCCReference Include="..\..\SisVEN\VEN652E.pas">
            <Form>FVEN652E</Form>
        </DCCReference>
        <DCCReference Include="..\..\SisVEN\VEN6013.pas">
            <Form>FVEN6013</Form>
        </DCCReference>
        <DCCReference Include="..\..\SisVEN\VEN653E.pas">
            <Form>FVEN653E</Form>
        </DCCReference>
        <DCCReference Include="..\..\SisVEN\VEN514R.pas">
            <Form>FVEN514R</Form>
        </DCCReference>
        <DCCReference Include="..\..\SisVEN\VEN636E.pas">
            <Form>FVEN636E</Form>
        </DCCReference>
        <DCCReference Include="..\..\SisVEN\VEN422R.pas">
            <Form>FVEN422R</Form>
        </DCCReference>
        <DCCReference Include="..\..\SisVEN\VEN208P.pas">
            <Form>FVEN208P</Form>
        </DCCReference>
        <DCCReference Include="..\..\SisVEN\VEN208Z.pas">
            <Form>FVEN208Z</Form>
        </DCCReference>
        <DCCReference Include="..\..\SisVEN\VEN208X.pas">
            <Form>FVEN208X</Form>
        </DCCReference>
        <DCCReference Include="..\..\SisVEN\VEN204X.pas">
            <Form>FVEN204X</Form>
        </DCCReference>
        <DCCReference Include="..\..\SisVEN\VEN610E.pas">
            <Form>FVEN610E</Form>
        </DCCReference>
        <DCCReference Include="..\..\SisVEN\VEN610Y.pas">
            <Form>FVEN610Y</Form>
        </DCCReference>
        <DCCReference Include="..\..\SisVEN\VEN423R.pas">
            <Form>FVEN423R</Form>
        </DCCReference>
        <DCCReference Include="..\..\SisVEN\VEN031C.pas">
            <Form>FVEN031C</Form>
        </DCCReference>
        <DCCReference Include="..\..\SisVEN\VEN601VA.pas">
            <Form>FVEN601VA</Form>
        </DCCReference>
        <DCCReference Include="..\..\SisVEN\VEN033C.pas">
            <Form>FVEN033C</Form>
        </DCCReference>
        <DCCReference Include="..\..\SisVEN\VEN655E.pas">
            <Form>FVEN655E</Form>
        </DCCReference>
        <DCCReference Include="..\..\SisVEN\VEN032C.pas">
            <Form>FVEN032C</Form>
        </DCCReference>
        <DCCReference Include="..\..\SisVEN\VEN002C.pas">
            <Form>FVEN002C</Form>
        </DCCReference>
        <DCCReference Include="..\..\SisVEN\VEN002Z.pas">
            <Form>FVEN002Z</Form>
        </DCCReference>
        <DCCReference Include="..\..\SisVEN\VEN002X.pas">
            <Form>FVEN002X</Form>
        </DCCReference>
        <DCCReference Include="..\..\SisVEN\VEN516R.pas">
            <Form>FVEN516R</Form>
        </DCCReference>
        <DCCReference Include="..\..\SisVEN\VEN007C.pas">
            <Form>FVEN007C</Form>
        </DCCReference>
        <DCCReference Include="..\..\SisVEN\VEN6012Z.pas">
            <Form>FVEN6012Z</Form>
        </DCCReference>
        <DCCReference Include="..\..\SisVEN\VEN656E.pas">
            <Form>FVEN656E</Form>
        </DCCReference>
        <DCCReference Include="..\..\SisVEN\VEN600B.pas">
            <Form>FVEN600B</Form>
        </DCCReference>
        <DCCReference Include="..\..\SisVEN\VEN651Z.pas">
            <Form>FVEN651Z</Form>
        </DCCReference>
        <DCCReference Include="..\..\SisVEN\VEN517R.pas">
            <Form>FVEN517R</Form>
        </DCCReference>
        <DCCReference Include="..\..\SisVEN\VEN204T.pas">
            <Form>FVEN204T</Form>
        </DCCReference>
        <DCCReference Include="..\..\SisVEN\VEN518R.pas">
            <Form>FVEN518R</Form>
        </DCCReference>
        <DCCReference Include="..\..\SisVEN\VEN519R.pas">
            <Form>FVEN519R</Form>
        </DCCReference>
        <DCCReference Include="..\..\SisVEN\VEN520R.pas">
            <Form>FVEN520R</Form>
        </DCCReference>
        <DCCReference Include="..\..\SisVEN\VEN657E.pas">
            <Form>FVEN657E</Form>
        </DCCReference>
        <DCCReference Include="..\..\SisVEN\VEN474Z.pas">
            <Form>FVEN474Z</Form>
        </DCCReference>
        <DCCReference Include="..\..\SisVEN\VEN027X.pas">
            <Form>FVEN027X</Form>
        </DCCReference>
        <DCCReference Include="..\..\SisVEN\VEN453R.pas">
            <Form>FVEN453R</Form>
        </DCCReference>
        <DCCReference Include="..\..\SisVEN\VEN425R.pas">
            <Form>FVEN425R</Form>
        </DCCReference>
        <DCCReference Include="..\..\SisVEN\VEN425Z.pas">
            <Form>FVEN425Z</Form>
        </DCCReference>
        <DCCReference Include="..\..\SisVEN\VEN453X.pas">
            <Form>FVEN453X</Form>
        </DCCReference>
        <DCCReference Include="..\..\SisVEN\VEN453Z.pas">
            <Form>FVEN453Z</Form>
        </DCCReference>
        <DCCReference Include="..\..\SisVEN\VEN439R.pas">
            <Form>FVEN439R</Form>
        </DCCReference>
        <DCCReference Include="..\..\SisVEN\VEN439Z.pas">
            <Form>FVEN439Z</Form>
        </DCCReference>
        <DCCReference Include="..\..\SisVEN\VEN459Z.pas">
            <Form>FVEN459Z</Form>
        </DCCReference>
        <DCCReference Include="..\..\SisVEN\VEN521R.pas">
            <Form>FVEN521R</Form>
        </DCCReference>
        <DCCReference Include="..\..\SisVEN\VEN027W.pas">
            <Form>FVEN027W</Form>
        </DCCReference>
        <DCCReference Include="..\..\SisVEN\VEN601AJ.pas">
            <Form>FVEN601AJ</Form>
        </DCCReference>
        <DCCReference Include="..\..\SisVEN\VEN522R.pas">
            <Form>FVEN522R</Form>
        </DCCReference>
        <DCCReference Include="..\..\SisVEN\VEN658E.pas">
            <Form>FVEN658E</Form>
        </DCCReference>
        <DCCReference Include="..\..\SisVEN\VEN659E.pas">
            <Form>FVEN659E</Form>
        </DCCReference>
        <DCCReference Include="..\..\SisVEN\VEN523R.pas">
            <Form>FVEN523R</Form>
        </DCCReference>
        <DCCReference Include="..\..\SisVEN\VEN659Z.pas">
            <Form>FVEN659Z</Form>
        </DCCReference>
        <DCCReference Include="..\..\SisVEN\VEN659X.pas">
            <Form>FVEN659X</Form>
        </DCCReference>
        <DCCReference Include="..\..\SisVEN\VEN524R.pas">
            <Form>FVEN524R</Form>
        </DCCReference>
        <DCCReference Include="..\..\SisVEN\VEN524B.pas">
            <Form>FVEN524B</Form>
        </DCCReference>
        <DCCReference Include="..\..\SisVEN\VEN524C.pas">
            <Form>FVEN524C</Form>
        </DCCReference>
        <DCCReference Include="..\..\SisVEN\VEN524D.pas">
            <Form>FVEN524D</Form>
        </DCCReference>
        <DCCReference Include="..\..\SisVEN\VEN525R.pas">
            <Form>FVEN525R</Form>
        </DCCReference>
        <DCCReference Include="..\..\SisVEN\VEN660E.pas">
            <Form>FVEN660E</Form>
        </DCCReference>
        <DCCReference Include="..\..\SisVEN\VEN526R.pas">
            <Form>FVEN526R</Form>
        </DCCReference>
        <DCCReference Include="..\..\SisVEN\VEN661E.pas">
            <Form>FVEN661E</Form>
        </DCCReference>
        <DCCReference Include="..\..\SisVEN\VEN900X.pas"/>
        <DCCReference Include="..\..\SisVEN\VEN527R.pas">
            <Form>FVEN527R</Form>
        </DCCReference>
        <DCCReference Include="..\..\SisVEN\VEN601AR.pas">
            <Form>FVEN601AR</Form>
        </DCCReference>
        <DCCReference Include="..\..\SisVEN\VEN601VB.pas">
            <Form>FVEN601VB</Form>
        </DCCReference>
        <DCCReference Include="..\..\SisVEN\VEN200P.pas">
            <Form>FVEN200P</Form>
        </DCCReference>
        <DCCReference Include="..\..\SisVEN\VEN034C.pas">
            <Form>FVEN034C</Form>
        </DCCReference>
        <DCCReference Include="..\..\SisVEN\VEN602K.pas">
            <Form>FVEN602K</Form>
        </DCCReference>
        <DCCReference Include="..\..\SisVEN\VEN209P.pas"/>
        <DCCReference Include="..\..\SisVEN\VEN209Z.pas"/>
        <DCCReference Include="..\..\SisVEN\VEN209X.pas"/>
        <DCCReference Include="..\..\SisVEN\VEN209W.pas"/>
        <DCCReference Include="..\..\SisVEN\VEN662E.pas">
            <Form>FVEN662E</Form>
        </DCCReference>
        <DCCReference Include="..\..\SisVEN\VEN401R.pas">
            <Form>FVEN401R</Form>
        </DCCReference>
        <DCCReference Include="..\..\SisVEN\VEN528R.pas">
            <Form>FVEN528R</Form>
        </DCCReference>
        <DCCReference Include="..\..\SisVEN\VEN493R.pas">
            <Form>FVEN493R</Form>
        </DCCReference>
        <DCCReference Include="..\..\SisVEN\VEN034Z.pas">
            <Form>FVEN034Z</Form>
        </DCCReference>
        <DCCReference Include="..\..\SisVEN\VEN756E.pas">
            <Form>FVEN756E</Form>
        </DCCReference>
        <DCCReference Include="..\..\SisVEN\VEN529R.pas">
            <Form>FVEN529R</Form>
        </DCCReference>
        <DCCReference Include="..\..\SisVEN\VEN046C.pas">
            <Form>FVEN046C</Form>
        </DCCReference>
        <DCCReference Include="..\..\SisVEN\VEN530R.pas">
            <Form>FVEN530R</Form>
        </DCCReference>
        <DCCReference Include="..\..\SisVEN\VEN530A.pas">
            <Form>FVEN530A</Form>
        </DCCReference>
        <DCCReference Include="..\..\SisVEN\VEN756X.pas">
            <Form>FVEN756X</Form>
        </DCCReference>
        <DCCReference Include="..\..\SisVEN\VEN524A.pas">
            <Form>FVEN524A</Form>
        </DCCReference>
        <DCCReference Include="..\..\SisPAR\PAR035C.pas">
            <Form>FPAR035C</Form>
        </DCCReference>
        <DCCReference Include="..\..\SisEST\EST617E.pas">
            <Form>FEST617E</Form>
        </DCCReference>
        <DCCReference Include="..\..\SisEST\EST618E.pas">
            <Form>FEST618E</Form>
        </DCCReference>
        <DCCReference Include="..\..\SisEST\EST620E.pas">
            <Form>FEST620E</Form>
        </DCCReference>
        <DCCReference Include="..\..\SisEST\EST619E.pas">
            <Form>FEST619E</Form>
        </DCCReference>
        <DCCReference Include="..\..\SisEST\EST446R.pas">
            <Form>FEST446R</Form>
        </DCCReference>
        <DCCReference Include="..\..\SisEST\EST447R.pas">
            <Form>FEST447R</Form>
        </DCCReference>
        <DCCReference Include="..\..\SisEST\EST501R.pas">
            <Form>FEST501R</Form>
        </DCCReference>
        <DCCReference Include="..\..\SisEST\EST100C.pas">
            <Form>FEST100C</Form>
        </DCCReference>
        <DCCReference Include="..\..\SisEST\EST655E.pas">
            <Form>FEST655E</Form>
        </DCCReference>
        <DCCReference Include="..\..\SisEST\EST003C.pas">
            <Form>FEST003C</Form>
        </DCCReference>
        <DCCReference Include="..\..\SisEST\EST009C.pas">
            <Form>FEST009C</Form>
        </DCCReference>
        <DCCReference Include="..\..\SisEST\EST511R.pas">
            <Form>FEST511R</Form>
        </DCCReference>
        <DCCReference Include="..\..\SisEST\EST048C.pas">
            <Form>FEST048C</Form>
        </DCCReference>
        <DCCReference Include="..\..\SisREC\REC483R.pas">
            <Form>FREC483R</Form>
        </DCCReference>
        <DCCReference Include="..\..\SisREC\REC480R.pas"/>
        <DCCReference Include="..\..\SisREC\REC473R.pas">
            <Form>FREC473R</Form>
        </DCCReference>
        <DCCReference Include="..\..\SisREC\REC438R.pas">
            <Form>FREC438R</Form>
        </DCCReference>
        <DCCReference Include="..\..\SisREC\REC408Z.pas">
            <Form>FREC408Z</Form>
        </DCCReference>
        <DCCReference Include="..\..\SisREC\REC012C.pas">
            <Form>FREC012C</Form>
        </DCCReference>
        <DCCReference Include="..\..\SisIEF\IEF453R.pas">
            <Form>FIEF453R</Form>
        </DCCReference>
        <DCCReference Include="..\..\SisIEF\IEF209P.pas">
            <Form>FIEF209P</Form>
        </DCCReference>
        <DCCReference Include="..\..\SisIEF\IEF607E.pas">
            <Form>FIEF607E</Form>
        </DCCReference>
        <DCCReference Include="..\..\Uso Geral\UnitTest\TestCaseBase.pas"/>
        <DCCReference Include="..\..\Uso Geral\UnitTest\FutureWindows.pas"/>
        <DCCReference Include="..\..\Uso Geral\UnitTest\TestUsoGeral.pas"/>
        <DCCReference Include="TestVEN000C.pas"/>
        <DCCReference Include="TestVEN001C.pas"/>
        <DCCReference Include="TestVEN604E.pas"/>
        <DCCReference Include="TestVEN601E.pas"/>
        <DCCReference Include="TestVEN602E.pas"/>
        <BuildConfiguration Include="Release">
            <Key>Cfg_2</Key>
            <CfgParent>Base</CfgParent>
        </BuildConfiguration>
        <BuildConfiguration Include="Base">
            <Key>Base</Key>
        </BuildConfiguration>
        <BuildConfiguration Include="Debug">
            <Key>Cfg_1</Key>
            <CfgParent>Base</CfgParent>
        </BuildConfiguration>
    </ItemGroup>
    <ProjectExtensions>
        <Borland.Personality>Delphi.Personality.12</Borland.Personality>
        <Borland.ProjectType/>
        <BorlandProject>
            <Delphi.Personality>
                <VersionInfo>
                    <VersionInfo Name="IncludeVerInfo">False</VersionInfo>
                    <VersionInfo Name="AutoIncBuild">False</VersionInfo>
                    <VersionInfo Name="MajorVer">1</VersionInfo>
                    <VersionInfo Name="MinorVer">0</VersionInfo>
                    <VersionInfo Name="Release">0</VersionInfo>
                    <VersionInfo Name="Build">0</VersionInfo>
                    <VersionInfo Name="Debug">False</VersionInfo>
                    <VersionInfo Name="PreRelease">False</VersionInfo>
                    <VersionInfo Name="Special">False</VersionInfo>
                    <VersionInfo Name="Private">False</VersionInfo>
                    <VersionInfo Name="DLL">False</VersionInfo>
                    <VersionInfo Name="Locale">1046</VersionInfo>
                    <VersionInfo Name="CodePage">1252</VersionInfo>
                </VersionInfo>
                <VersionInfoKeys>
                    <VersionInfoKeys Name="CompanyName"/>
                    <VersionInfoKeys Name="FileDescription"/>
                    <VersionInfoKeys Name="FileVersion">1.0.0.0</VersionInfoKeys>
                    <VersionInfoKeys Name="InternalName"/>
                    <VersionInfoKeys Name="LegalCopyright"/>
                    <VersionInfoKeys Name="LegalTrademarks"/>
                    <VersionInfoKeys Name="OriginalFilename"/>
                    <VersionInfoKeys Name="ProductName"/>
                    <VersionInfoKeys Name="ProductVersion">1.0.0.0</VersionInfoKeys>
                    <VersionInfoKeys Name="Comments"/>
                </VersionInfoKeys>
                <Excluded_Packages>
                    <Excluded_Packages Name="$(BDSBIN)\bcbofficexp160.bpl">Embarcadero C++Builder Office XP Servers Package</Excluded_Packages>
                    <Excluded_Packages Name="$(BDSBIN)\dcloffice2k160.bpl">Microsoft Office 2000 Sample Automation Server Wrapper Components</Excluded_Packages>
                    <Excluded_Packages Name="$(BDSBIN)\dclofficexp160.bpl">Microsoft Office XP Sample Automation Server Wrapper Components</Excluded_Packages>
                </Excluded_Packages>
                <Source>
                    <Source Name="MainSource">IntesigVENTests.dpr</Source>
                </Source>
            </Delphi.Personality>
            <Deployment/>
            <Platforms>
                <Platform value="Android">False</Platform>
                <Platform value="iOSDevice32">False</Platform>
                <Platform value="iOSDevice64">False</Platform>
                <Platform value="iOSSimulator">False</Platform>
                <Platform value="OSX32">False</Platform>
                <Platform value="Win32">True</Platform>
                <Platform value="Win64">False</Platform>
            </Platforms>
            <UnitTesting>
                <TestFramework>DUnit / Delphi Win32</TestFramework>
                <TestRunner>GUI</TestRunner>
                <SourceProjectName>C:\SIS\SisVEN\IntesigVEN.dproj</SourceProjectName>
                <TestProjectName/>
            </UnitTesting>
            <ModelSupport>False</ModelSupport>
        </BorlandProject>
        <ProjectFileVersion>12</ProjectFileVersion>
    </ProjectExtensions>
    <Import Condition="Exists('$(BDS)\Bin\CodeGear.Delphi.Targets')" Project="$(BDS)\Bin\CodeGear.Delphi.Targets"/>
    <Import Condition="Exists('$(APPDATA)\Embarcadero\$(BDSAPPDATABASEDIR)\$(PRODUCTVERSION)\UserTools.proj')" Project="$(APPDATA)\Embarcadero\$(BDSAPPDATABASEDIR)\$(PRODUCTVERSION)\UserTools.proj"/>
</Project>
